
Microsoft Visual Studio Solution File, Format Version 12.00
# Visual Studio Version 17
VisualStudioVersion = 17.5.33414.496
MinimumVisualStudioVersion = 10.0.40219.1
Project("{FAE04EC0-301F-11D3-BF4B-00C04F79EFBC}") = "TP_MOD7_KPL_1302213091_TRIANI PUTRI MUMPUNI_AFF", "TP_MOD7_KPL_1302213091_TRIANI PUTRI MUMPUNI_AFF\TP_MOD7_KPL_1302213091_TRIANI PUTRI MUMPUNI_AFF.csproj", "{23FFE88F-07D1-4CAD-A2E5-1825E39BB923}"
EndProject
Global
	GlobalSection(SolutionConfigurationPlatforms) = preSolution
		Debug|Any CPU = Debug|Any CPU
		Release|Any CPU = Release|Any CPU
	EndGlobalSection
	GlobalSection(ProjectConfigurationPlatforms) = postSolution
		{23FFE88F-07D1-4CAD-A2E5-1825E39BB923}.Debug|Any CPU.ActiveCfg = Debug|Any CPU
		{23FFE88F-07D1-4CAD-A2E5-1825E39BB923}.Debug|Any CPU.Build.0 = Debug|Any CPU
		{23FFE88F-07D1-4CAD-A2E5-1825E39BB923}.Release|Any CPU.ActiveCfg = Release|Any CPU
		{23FFE88F-07D1-4CAD-A2E5-1825E39BB923}.Release|Any CPU.Build.0 = Release|Any CPU
	EndGlobalSection
	GlobalSection(SolutionProperties) = preSolution
		HideSolutionNode = FALSE
	EndGlobalSection
	GlobalSection(ExtensibilityGlobals) = postSolution
		SolutionGuid = {E96D9C38-19C7-40FA-84F9-CD4C5A3077AD}
	EndGlobalSection
EndGlobal
